
Microsoft Visual Studio Solution File, Format Version 12.00
# Visual Studio Version 17
VisualStudioVersion = 17.7.34031.279
MinimumVisualStudioVersion = 10.0.40219.1
Project("{8BC9CEB8-8B4A-11D0-8D11-00A0C91BC942}") = "20231009_homeC_study", "20231009_homeC_study\20231009_homeC_study.vcxproj", "{E4243258-AA8F-446B-A0F0-FC2162350E3D}"
EndProject
Global
	GlobalSection(SolutionConfigurationPlatforms) = preSolution
		Debug|x64 = Debug|x64
		Debug|x86 = Debug|x86
		Release|x64 = Release|x64
		Release|x86 = Release|x86
	EndGlobalSection
	GlobalSection(ProjectConfigurationPlatforms) = postSolution
		{E4243258-AA8F-446B-A0F0-FC2162350E3D}.Debug|x64.ActiveCfg = Debug|x64
		{E4243258-AA8F-446B-A0F0-FC2162350E3D}.Debug|x64.Build.0 = Debug|x64
		{E4243258-AA8F-446B-A0F0-FC2162350E3D}.Debug|x86.ActiveCfg = Debug|Win32
		{E4243258-AA8F-446B-A0F0-FC2162350E3D}.Debug|x86.Build.0 = Debug|Win32
		{E4243258-AA8F-446B-A0F0-FC2162350E3D}.Release|x64.ActiveCfg = Release|x64
		{E4243258-AA8F-446B-A0F0-FC2162350E3D}.Release|x64.Build.0 = Release|x64
		{E4243258-AA8F-446B-A0F0-FC2162350E3D}.Release|x86.ActiveCfg = Release|Win32
		{E4243258-AA8F-446B-A0F0-FC2162350E3D}.Release|x86.Build.0 = Release|Win32
	EndGlobalSection
	GlobalSection(SolutionProperties) = preSolution
		HideSolutionNode = FALSE
	EndGlobalSection
	GlobalSection(ExtensibilityGlobals) = postSolution
		SolutionGuid = {F3F4C28D-ADF7-45DD-B415-6E51B9B34540}
	EndGlobalSection
EndGlobal
